
Microsoft Visual Studio Solution File, Format Version 12.00
# Visual Studio 15
Project("{FAE04EC0-301F-11D3-BF4B-00C04F79EFBC}") = "KartGame", "KartGame.csproj", "{1E22127A-D96A-03AA-8087-8E59BFCECF1F}"
EndProject
Project("{FAE04EC0-301F-11D3-BF4B-00C04F79EFBC}") = "NOVA", "NOVA.csproj", "{5A4396C6-CBF1-DC6E-5754-83A36342E04F}"
EndProject
Project("{FAE04EC0-301F-11D3-BF4B-00C04F79EFBC}") = "Assembly-CSharp", "Assembly-CSharp.csproj", "{EC1A7C68-1220-0DE7-3394-15018F0FABCD}"
EndProject
Project("{FAE04EC0-301F-11D3-BF4B-00C04F79EFBC}") = "Unity.Microgame.Tutorials", "Unity.Microgame.Tutorials.csproj", "{ED1E62A7-DDAE-84BE-5ED0-548AAAAEEBBC}"
EndProject
Project("{FAE04EC0-301F-11D3-BF4B-00C04F79EFBC}") = "KartGame.AI.Editor", "KartGame.AI.Editor.csproj", "{4B6422EF-9AB9-B627-44E2-C759A1816145}"
EndProject
Project("{FAE04EC0-301F-11D3-BF4B-00C04F79EFBC}") = "KartGame.AI", "KartGame.AI.csproj", "{6127D18A-E099-5AD3-A1EB-42A119F2332A}"
EndProject
Project("{FAE04EC0-301F-11D3-BF4B-00C04F79EFBC}") = "Unity.Karting.Tutorials", "Unity.Karting.Tutorials.csproj", "{2EB0F72A-0F52-1406-7CF9-BDC3604DD123}"
EndProject
Project("{FAE04EC0-301F-11D3-BF4B-00C04F79EFBC}") = "Rollaball", "Rollaball.csproj", "{C42DB088-9630-3805-F096-E7C5D4330770}"
EndProject
Project("{FAE04EC0-301F-11D3-BF4B-00C04F79EFBC}") = "PlayModeTests", "PlayModeTests.csproj", "{CFF53D19-4E3D-DC97-E091-989405C98981}"
EndProject
Project("{FAE04EC0-301F-11D3-BF4B-00C04F79EFBC}") = "EditModeTests", "EditModeTests.csproj", "{382FE90D-6ADA-6C67-37CF-9EAB6FF1D053}"
EndProject
Project("{FAE04EC0-301F-11D3-BF4B-00C04F79EFBC}") = "KartGame.Editor", "KartGame.Editor.csproj", "{581E9906-7DFB-D0D6-2F96-51ADE053FD87}"
EndProject
Project("{FAE04EC0-301F-11D3-BF4B-00C04F79EFBC}") = "SampleMenu", "SampleMenu.csproj", "{C3A24692-FACD-96AD-ED94-B8566D2B72C9}"
EndProject
Global
	GlobalSection(SolutionConfigurationPlatforms) = preSolution
		Debug|Any CPU = Debug|Any CPU
		Release|Any CPU = Release|Any CPU
	EndGlobalSection
	GlobalSection(ProjectConfigurationPlatforms) = postSolution
		{1E22127A-D96A-03AA-8087-8E59BFCECF1F}.Debug|Any CPU.ActiveCfg = Debug|Any CPU
		{1E22127A-D96A-03AA-8087-8E59BFCECF1F}.Debug|Any CPU.Build.0 = Debug|Any CPU
		{1E22127A-D96A-03AA-8087-8E59BFCECF1F}.Release|Any CPU.ActiveCfg = Release|Any CPU
		{1E22127A-D96A-03AA-8087-8E59BFCECF1F}.Release|Any CPU.Build.0 = Release|Any CPU
		{5A4396C6-CBF1-DC6E-5754-83A36342E04F}.Debug|Any CPU.ActiveCfg = Debug|Any CPU
		{5A4396C6-CBF1-DC6E-5754-83A36342E04F}.Debug|Any CPU.Build.0 = Debug|Any CPU
		{5A4396C6-CBF1-DC6E-5754-83A36342E04F}.Release|Any CPU.ActiveCfg = Release|Any CPU
		{5A4396C6-CBF1-DC6E-5754-83A36342E04F}.Release|Any CPU.Build.0 = Release|Any CPU
		{EC1A7C68-1220-0DE7-3394-15018F0FABCD}.Debug|Any CPU.ActiveCfg = Debug|Any CPU
		{EC1A7C68-1220-0DE7-3394-15018F0FABCD}.Debug|Any CPU.Build.0 = Debug|Any CPU
		{EC1A7C68-1220-0DE7-3394-15018F0FABCD}.Release|Any CPU.ActiveCfg = Release|Any CPU
		{EC1A7C68-1220-0DE7-3394-15018F0FABCD}.Release|Any CPU.Build.0 = Release|Any CPU
		{ED1E62A7-DDAE-84BE-5ED0-548AAAAEEBBC}.Debug|Any CPU.ActiveCfg = Debug|Any CPU
		{ED1E62A7-DDAE-84BE-5ED0-548AAAAEEBBC}.Debug|Any CPU.Build.0 = Debug|Any CPU
		{ED1E62A7-DDAE-84BE-5ED0-548AAAAEEBBC}.Release|Any CPU.ActiveCfg = Release|Any CPU
		{ED1E62A7-DDAE-84BE-5ED0-548AAAAEEBBC}.Release|Any CPU.Build.0 = Release|Any CPU
		{4B6422EF-9AB9-B627-44E2-C759A1816145}.Debug|Any CPU.ActiveCfg = Debug|Any CPU
		{4B6422EF-9AB9-B627-44E2-C759A1816145}.Debug|Any CPU.Build.0 = Debug|Any CPU
		{4B6422EF-9AB9-B627-44E2-C759A1816145}.Release|Any CPU.ActiveCfg = Release|Any CPU
		{4B6422EF-9AB9-B627-44E2-C759A1816145}.Release|Any CPU.Build.0 = Release|Any CPU
		{6127D18A-E099-5AD3-A1EB-42A119F2332A}.Debug|Any CPU.ActiveCfg = Debug|Any CPU
		{6127D18A-E099-5AD3-A1EB-42A119F2332A}.Debug|Any CPU.Build.0 = Debug|Any CPU
		{6127D18A-E099-5AD3-A1EB-42A119F2332A}.Release|Any CPU.ActiveCfg = Release|Any CPU
		{6127D18A-E099-5AD3-A1EB-42A119F2332A}.Release|Any CPU.Build.0 = Release|Any CPU
		{2EB0F72A-0F52-1406-7CF9-BDC3604DD123}.Debug|Any CPU.ActiveCfg = Debug|Any CPU
		{2EB0F72A-0F52-1406-7CF9-BDC3604DD123}.Debug|Any CPU.Build.0 = Debug|Any CPU
		{2EB0F72A-0F52-1406-7CF9-BDC3604DD123}.Release|Any CPU.ActiveCfg = Release|Any CPU
		{2EB0F72A-0F52-1406-7CF9-BDC3604DD123}.Release|Any CPU.Build.0 = Release|Any CPU
		{C42DB088-9630-3805-F096-E7C5D4330770}.Debug|Any CPU.ActiveCfg = Debug|Any CPU
		{C42DB088-9630-3805-F096-E7C5D4330770}.Debug|Any CPU.Build.0 = Debug|Any CPU
		{C42DB088-9630-3805-F096-E7C5D4330770}.Release|Any CPU.ActiveCfg = Release|Any CPU
		{C42DB088-9630-3805-F096-E7C5D4330770}.Release|Any CPU.Build.0 = Release|Any CPU
		{CFF53D19-4E3D-DC97-E091-989405C98981}.Debug|Any CPU.ActiveCfg = Debug|Any CPU
		{CFF53D19-4E3D-DC97-E091-989405C98981}.Debug|Any CPU.Build.0 = Debug|Any CPU
		{CFF53D19-4E3D-DC97-E091-989405C98981}.Release|Any CPU.ActiveCfg = Release|Any CPU
		{CFF53D19-4E3D-DC97-E091-989405C98981}.Release|Any CPU.Build.0 = Release|Any CPU
		{382FE90D-6ADA-6C67-37CF-9EAB6FF1D053}.Debug|Any CPU.ActiveCfg = Debug|Any CPU
		{382FE90D-6ADA-6C67-37CF-9EAB6FF1D053}.Debug|Any CPU.Build.0 = Debug|Any CPU
		{382FE90D-6ADA-6C67-37CF-9EAB6FF1D053}.Release|Any CPU.ActiveCfg = Release|Any CPU
		{382FE90D-6ADA-6C67-37CF-9EAB6FF1D053}.Release|Any CPU.Build.0 = Release|Any CPU
		{581E9906-7DFB-D0D6-2F96-51ADE053FD87}.Debug|Any CPU.ActiveCfg = Debug|Any CPU
		{581E9906-7DFB-D0D6-2F96-51ADE053FD87}.Debug|Any CPU.Build.0 = Debug|Any CPU
		{581E9906-7DFB-D0D6-2F96-51ADE053FD87}.Release|Any CPU.ActiveCfg = Release|Any CPU
		{581E9906-7DFB-D0D6-2F96-51ADE053FD87}.Release|Any CPU.Build.0 = Release|Any CPU
		{C3A24692-FACD-96AD-ED94-B8566D2B72C9}.Debug|Any CPU.ActiveCfg = Debug|Any CPU
		{C3A24692-FACD-96AD-ED94-B8566D2B72C9}.Debug|Any CPU.Build.0 = Debug|Any CPU
		{C3A24692-FACD-96AD-ED94-B8566D2B72C9}.Release|Any CPU.ActiveCfg = Release|Any CPU
		{C3A24692-FACD-96AD-ED94-B8566D2B72C9}.Release|Any CPU.Build.0 = Release|Any CPU
	EndGlobalSection
	GlobalSection(SolutionProperties) = preSolution
		HideSolutionNode = FALSE
	EndGlobalSection
EndGlobal
