
Microsoft Visual Studio Solution File, Format Version 12.00
# Visual Studio 15
Project("{FAE04EC0-301F-11D3-BF4B-00C04F79EFBC}") = "NOVA", "NOVA.csproj", "{5A4396C6-CBF1-DC6E-5754-83A36342E04F}"
EndProject
Project("{FAE04EC0-301F-11D3-BF4B-00C04F79EFBC}") = "PlayModeTests", "PlayModeTests.csproj", "{CFF53D19-4E3D-DC97-E091-989405C98981}"
EndProject
Global
	GlobalSection(SolutionConfigurationPlatforms) = preSolution
		Debug|Any CPU = Debug|Any CPU
		Release|Any CPU = Release|Any CPU
	EndGlobalSection
	GlobalSection(ProjectConfigurationPlatforms) = postSolution
		{5A4396C6-CBF1-DC6E-5754-83A36342E04F}.Debug|Any CPU.ActiveCfg = Debug|Any CPU
		{5A4396C6-CBF1-DC6E-5754-83A36342E04F}.Debug|Any CPU.Build.0 = Debug|Any CPU
		{5A4396C6-CBF1-DC6E-5754-83A36342E04F}.Release|Any CPU.ActiveCfg = Release|Any CPU
		{5A4396C6-CBF1-DC6E-5754-83A36342E04F}.Release|Any CPU.Build.0 = Release|Any CPU
		{CFF53D19-4E3D-DC97-E091-989405C98981}.Debug|Any CPU.ActiveCfg = Debug|Any CPU
		{CFF53D19-4E3D-DC97-E091-989405C98981}.Debug|Any CPU.Build.0 = Debug|Any CPU
		{CFF53D19-4E3D-DC97-E091-989405C98981}.Release|Any CPU.ActiveCfg = Release|Any CPU
		{CFF53D19-4E3D-DC97-E091-989405C98981}.Release|Any CPU.Build.0 = Release|Any CPU
	EndGlobalSection
	GlobalSection(SolutionProperties) = preSolution
		HideSolutionNode = FALSE
	EndGlobalSection
EndGlobal
